
Microsoft Visual Studio Solution File, Format Version 12.00
# Visual Studio Version 17
VisualStudioVersion = 17.5.33516.290
MinimumVisualStudioVersion = 10.0.40219.1
Project("{FAE04EC0-301F-11D3-BF4B-00C04F79EFBC}") = "P12", "P12.csproj", "{FED8BD43-1E0D-4F28-8854-3A496B874518}"
EndProject
Global
	GlobalSection(SolutionConfigurationPlatforms) = preSolution
		Debug|Any CPU = Debug|Any CPU
		Release|Any CPU = Release|Any CPU
	EndGlobalSection
	GlobalSection(ProjectConfigurationPlatforms) = postSolution
		{FED8BD43-1E0D-4F28-8854-3A496B874518}.Debug|Any CPU.ActiveCfg = Debug|Any CPU
		{FED8BD43-1E0D-4F28-8854-3A496B874518}.Debug|Any CPU.Build.0 = Debug|Any CPU
		{FED8BD43-1E0D-4F28-8854-3A496B874518}.Release|Any CPU.ActiveCfg = Release|Any CPU
		{FED8BD43-1E0D-4F28-8854-3A496B874518}.Release|Any CPU.Build.0 = Release|Any CPU
	EndGlobalSection
	GlobalSection(SolutionProperties) = preSolution
		HideSolutionNode = FALSE
	EndGlobalSection
	GlobalSection(ExtensibilityGlobals) = postSolution
		SolutionGuid = {73419100-622B-4BC7-BD9A-3538AE3531C6}
	EndGlobalSection
EndGlobal
